// !$*UTF8*$!
{
	archiveVersion = 1;
	classes = {
	};
	objectVersion = 46;
	objects = {

/* Begin PBXBuildFile section */
		10FA50E318ACD32F004F3849 /* Foundation.framework in Frameworks */ = {isa = PBXBuildFile; fileRef = 10FA50E218ACD32F004F3849 /* Foundation.framework */; };
		10FA50E518ACD32F004F3849 /* CoreGraphics.framework in Frameworks */ = {isa = PBXBuildFile; fileRef = 10FA50E418ACD32F004F3849 /* CoreGraphics.framework */; };
		10FA50E718ACD32F004F3849 /* UIKit.framework in Frameworks */ = {isa = PBXBuildFile; fileRef = 10FA50E618ACD32F004F3849 /* UIKit.framework */; };
		10FA50ED18ACD32F004F3849 /* InfoPlist.strings in Resources */ = {isa = PBXBuildFile; fileRef = 10FA50EB18ACD32F004F3849 /* InfoPlist.strings */; };
		10FA50EF18ACD32F004F3849 /* main.m in Sources */ = {isa = PBXBuildFile; fileRef = 10FA50EE18ACD32F004F3849 /* main.m */; };
		10FA50F318ACD32F004F3849 /* goodsAppDelegate.m in Sources */ = {isa = PBXBuildFile; fileRef = 10FA50F218ACD32F004F3849 /* goodsAppDelegate.m */; };
		10FA50F618ACD32F004F3849 /* Main.storyboard in Resources */ = {isa = PBXBuildFile; fileRef = 10FA50F418ACD32F004F3849 /* Main.storyboard */; };
		10FA50F918ACD32F004F3849 /* goodsViewController.m in Sources */ = {isa = PBXBuildFile; fileRef = 10FA50F818ACD32F004F3849 /* goodsViewController.m */; };
		10FA50FB18ACD32F004F3849 /* Images.xcassets in Resources */ = {isa = PBXBuildFile; fileRef = 10FA50FA18ACD32F004F3849 /* Images.xcassets */; };
		10FA510218ACD32F004F3849 /* XCTest.framework in Frameworks */ = {isa = PBXBuildFile; fileRef = 10FA510118ACD32F004F3849 /* XCTest.framework */; };
		10FA510318ACD330004F3849 /* Foundation.framework in Frameworks */ = {isa = PBXBuildFile; fileRef = 10FA50E218ACD32F004F3849 /* Foundation.framework */; };
		10FA510418ACD330004F3849 /* UIKit.framework in Frameworks */ = {isa = PBXBuildFile; fileRef = 10FA50E618ACD32F004F3849 /* UIKit.framework */; };
		10FA510C18ACD330004F3849 /* InfoPlist.strings in Resources */ = {isa = PBXBuildFile; fileRef = 10FA510A18ACD330004F3849 /* InfoPlist.strings */; };
		10FA510E18ACD330004F3849 /* goodsTests.m in Sources */ = {isa = PBXBuildFile; fileRef = 10FA510D18ACD330004F3849 /* goodsTests.m */; };
/* End PBXBuildFile section */

/* Begin PBXContainerItemProxy section */
		10FA510518ACD330004F3849 /* PBXContainerItemProxy */ = {
			isa = PBXContainerItemProxy;
			containerPortal = 10FA50D718ACD32F004F3849 /* Project object */;
			proxyType = 1;
			remoteGlobalIDString = 10FA50DE18ACD32F004F3849;
			remoteInfo = goods;
		};
/* End PBXContainerItemProxy section */

/* Begin PBXFileReference section */
		10FA50DF18ACD32F004F3849 /* goods.app */ = {isa = PBXFileReference; explicitFileType = wrapper.application; includeInIndex = 0; path = goods.app; sourceTree = BUILT_PRODUCTS_DIR; };
		10FA50E218ACD32F004F3849 /* Foundation.framework */ = {isa = PBXFileReference; lastKnownFileType = wrapper.framework; name = Foundation.framework; path = System/Library/Frameworks/Foundation.framework; sourceTree = SDKROOT; };
		10FA50E418ACD32F004F3849 /* CoreGraphics.framework */ = {isa = PBXFileReference; lastKnownFileType = wrapper.framework; name = CoreGraphics.framework; path = System/Library/Frameworks/CoreGraphics.framework; sourceTree = SDKROOT; };
		10FA50E618ACD32F004F3849 /* UIKit.framework */ = {isa = PBXFileReference; lastKnownFileType = wrapper.framework; name = UIKit.framework; path = System/Library/Frameworks/UIKit.framework; sourceTree = SDKROOT; };
		10FA50EA18ACD32F004F3849 /* goods-Info.plist */ = {isa = PBXFileReference; lastKnownFileType = text.plist.xml; path = "goods-Info.plist"; sourceTree = "<group>"; };
		10FA50EC18ACD32F004F3849 /* en */ = {isa = PBXFileReference; lastKnownFileType = text.plist.strings; name = en; path = en.lproj/InfoPlist.strings; sourceTree = "<group>"; };
		10FA50EE18ACD32F004F3849 /* main.m */ = {isa = PBXFileReference; lastKnownFileType = sourcecode.c.objc; path = main.m; sourceTree = "<group>"; };
		10FA50F018ACD32F004F3849 /* goods-Prefix.pch */ = {isa = PBXFileReference; lastKnownFileType = sourcecode.c.h; path = "goods-Prefix.pch"; sourceTree = "<group>"; };
		10FA50F118ACD32F004F3849 /* goodsAppDelegate.h */ = {isa = PBXFileReference; lastKnownFileType = sourcecode.c.h; path = goodsAppDelegate.h; sourceTree = "<group>"; };
		10FA50F218ACD32F004F3849 /* goodsAppDelegate.m */ = {isa = PBXFileReference; lastKnownFileType = sourcecode.c.objc; path = goodsAppDelegate.m; sourceTree = "<group>"; };
		10FA50F518ACD32F004F3849 /* Base */ = {isa = PBXFileReference; lastKnownFileType = file.storyboard; name = Base; path = Base.lproj/Main.storyboard; sourceTree = "<group>"; };
		10FA50F718ACD32F004F3849 /* goodsViewController.h */ = {isa = PBXFileReference; lastKnownFileType = sourcecode.c.h; path = goodsViewController.h; sourceTree = "<group>"; };
		10FA50F818ACD32F004F3849 /* goodsViewController.m */ = {isa = PBXFileReference; lastKnownFileType = sourcecode.c.objc; path = goodsViewController.m; sourceTree = "<group>"; };
		10FA50FA18ACD32F004F3849 /* Images.xcassets */ = {isa = PBXFileReference; lastKnownFileType = folder.assetcatalog; path = Images.xcassets; sourceTree = "<group>"; };
		10FA510018ACD32F004F3849 /* goodsTests.xctest */ = {isa = PBXFileReference; explicitFileType = wrapper.cfbundle; includeInIndex = 0; path = goodsTests.xctest; sourceTree = BUILT_PRODUCTS_DIR; };
		10FA510118ACD32F004F3849 /* XCTest.framework */ = {isa = PBXFileReference; lastKnownFileType = wrapper.framework; name = XCTest.framework; path = Library/Frameworks/XCTest.framework; sourceTree = DEVELOPER_DIR; };
		10FA510918ACD330004F3849 /* goodsTests-Info.plist */ = {isa = PBXFileReference; lastKnownFileType = text.plist.xml; path = "goodsTests-Info.plist"; sourceTree = "<group>"; };
		10FA510B18ACD330004F3849 /* en */ = {isa = PBXFileReference; lastKnownFileType = text.plist.strings; name = en; path = en.lproj/InfoPlist.strings; sourceTree = "<group>"; };
		10FA510D18ACD330004F3849 /* goodsTests.m */ = {isa = PBXFileReference; lastKnownFileType = sourcecode.c.objc; path = goodsTests.m; sourceTree = "<group>"; };
/* End PBXFileReference section */

/* Begin PBXFrameworksBuildPhase section */
		10FA50DC18ACD32F004F3849 /* Frameworks */ = {
			isa = PBXFrameworksBuildPhase;
			buildActionMask = 2147483647;
			files = (
				10FA50E518ACD32F004F3849 /* CoreGraphics.framework in Frameworks */,
				10FA50E718ACD32F004F3849 /* UIKit.framework in Frameworks */,
				10FA50E318ACD32F004F3849 /* Foundation.framework in Frameworks */,
			);
			runOnlyForDeploymentPostprocessing = 0;
		};
		10FA50FD18ACD32F004F3849 /* Frameworks */ = {
			isa = PBXFrameworksBuildPhase;
			buildActionMask = 2147483647;
			files = (
				10FA510218ACD32F004F3849 /* XCTest.framework in Frameworks */,
				10FA510418ACD330004F3849 /* UIKit.framework in Frameworks */,
				10FA510318ACD330004F3849 /* Foundation.framework in Frameworks */,
			);
			runOnlyForDeploymentPostprocessing = 0;
		};
/* End PBXFrameworksBuildPhase section */

/* Begin PBXGroup section */
		10FA50D618ACD32F004F3849 = {
			isa = PBXGroup;
			children = (
				10FA50E818ACD32F004F3849 /* goods */,
				10FA510718ACD330004F3849 /* goodsTests */,
				10FA50E118ACD32F004F3849 /* Frameworks */,
				10FA50E018ACD32F004F3849 /* Products */,
			);
			sourceTree = "<group>";
		};
		10FA50E018ACD32F004F3849 /* Products */ = {
			isa = PBXGroup;
			children = (
				10FA50DF18ACD32F004F3849 /* goods.app */,
				10FA510018ACD32F004F3849 /* goodsTests.xctest */,
			);
			name = Products;
			sourceTree = "<group>";
		};
		10FA50E118ACD32F004F3849 /* Frameworks */ = {
			isa = PBXGroup;
			children = (
				10FA50E218ACD32F004F3849 /* Foundation.framework */,
				10FA50E418ACD32F004F3849 /* CoreGraphics.framework */,
				10FA50E618ACD32F004F3849 /* UIKit.framework */,
				10FA510118ACD32F004F3849 /* XCTest.framework */,
			);
			name = Frameworks;
			sourceTree = "<group>";
		};
		10FA50E818ACD32F004F3849 /* goods */ = {
			isa = PBXGroup;
			children = (
				10FA50F118ACD32F004F3849 /* goodsAppDelegate.h */,
				10FA50F218ACD32F004F3849 /* goodsAppDelegate.m */,
				10FA50F418ACD32F004F3849 /* Main.storyboard */,
				10FA50F718ACD32F004F3849 /* goodsViewController.h */,
				10FA50F818ACD32F004F3849 /* goodsViewController.m */,
				10FA50FA18ACD32F004F3849 /* Images.xcassets */,
				10FA50E918ACD32F004F3849 /* Supporting Files */,
			);
			path = goods;
			sourceTree = "<group>";
		};
		10FA50E918ACD32F004F3849 /* Supporting Files */ = {
			isa = PBXGroup;
			children = (
				10FA50EA18ACD32F004F3849 /* goods-Info.plist */,
				10FA50EB18ACD32F004F3849 /* InfoPlist.strings */,
				10FA50EE18ACD32F004F3849 /* main.m */,
				10FA50F018ACD32F004F3849 /* goods-Prefix.pch */,
			);
			name = "Supporting Files";
			sourceTree = "<group>";
		};
		10FA510718ACD330004F3849 /* goodsTests */ = {
			isa = PBXGroup;
			children = (
				10FA510D18ACD330004F3849 /* goodsTests.m */,
				10FA510818ACD330004F3849 /* Supporting Files */,
			);
			path = goodsTests;
			sourceTree = "<group>";
		};
		10FA510818ACD330004F3849 /* Supporting Files */ = {
			isa = PBXGroup;
			children = (
				10FA510918ACD330004F3849 /* goodsTests-Info.plist */,
				10FA510A18ACD330004F3849 /* InfoPlist.strings */,
			);
			name = "Supporting Files";
			sourceTree = "<group>";
		};
/* End PBXGroup section */

/* Begin PBXNativeTarget section */
		10FA50DE18ACD32F004F3849 /* goods */ = {
			isa = PBXNativeTarget;
			buildConfigurationList = 10FA511118ACD330004F3849 /* Build configuration list for PBXNativeTarget "goods" */;
			buildPhases = (
				10FA50DB18ACD32F004F3849 /* Sources */,
				10FA50DC18ACD32F004F3849 /* Frameworks */,
				10FA50DD18ACD32F004F3849 /* Resources */,
			);
			buildRules = (
			);
			dependencies = (
			);
			name = goods;
			productName = goods;
			productReference = 10FA50DF18ACD32F004F3849 /* goods.app */;
			productType = "com.apple.product-type.application";
		};
		10FA50FF18ACD32F004F3849 /* goodsTests */ = {
			isa = PBXNativeTarget;
			buildConfigurationList = 10FA511418ACD330004F3849 /* Build configuration list for PBXNativeTarget "goodsTests" */;
			buildPhases = (
				10FA50FC18ACD32F004F3849 /* Sources */,
				10FA50FD18ACD32F004F3849 /* Frameworks */,
				10FA50FE18ACD32F004F3849 /* Resources */,
			);
			buildRules = (
			);
			dependencies = (
				10FA510618ACD330004F3849 /* PBXTargetDependency */,
			);
			name = goodsTests;
			productName = goodsTests;
			productReference = 10FA510018ACD32F004F3849 /* goodsTests.xctest */;
			productType = "com.apple.product-type.bundle.unit-test";
		};
/* End PBXNativeTarget section */

/* Begin PBXProject section */
		10FA50D718ACD32F004F3849 /* Project object */ = {
			isa = PBXProject;
			attributes = {
				CLASSPREFIX = goods;
				LastUpgradeCheck = 0500;
				ORGANIZATIONNAME = hogehoge;
				TargetAttributes = {
					10FA50FF18ACD32F004F3849 = {
						TestTargetID = 10FA50DE18ACD32F004F3849;
					};
				};
			};
			buildConfigurationList = 10FA50DA18ACD32F004F3849 /* Build configuration list for PBXProject "goods" */;
			compatibilityVersion = "Xcode 3.2";
			developmentRegion = English;
			hasScannedForEncodings = 0;
			knownRegions = (
				en,
				Base,
			);
			mainGroup = 10FA50D618ACD32F004F3849;
			productRefGroup = 10FA50E018ACD32F004F3849 /* Products */;
			projectDirPath = "";
			projectRoot = "";
			targets = (
				10FA50DE18ACD32F004F3849 /* goods */,
				10FA50FF18ACD32F004F3849 /* goodsTests */,
			);
		};
/* End PBXProject section */

/* Begin PBXResourcesBuildPhase section */
		10FA50DD18ACD32F004F3849 /* Resources */ = {
			isa = PBXResourcesBuildPhase;
			buildActionMask = 2147483647;
			files = (
				10FA50FB18ACD32F004F3849 /* Images.xcassets in Resources */,
				10FA50ED18ACD32F004F3849 /* InfoPlist.strings in Resources */,
				10FA50F618ACD32F004F3849 /* Main.storyboard in Resources */,
			);
			runOnlyForDeploymentPostprocessing = 0;
		};
		10FA50FE18ACD32F004F3849 /* Resources */ = {
			isa = PBXResourcesBuildPhase;
			buildActionMask = 2147483647;
			files = (
				10FA510C18ACD330004F3849 /* InfoPlist.strings in Resources */,
			);
			runOnlyForDeploymentPostprocessing = 0;
		};
/* End PBXResourcesBuildPhase section */

/* Begin PBXSourcesBuildPhase section */
		10FA50DB18ACD32F004F3849 /* Sources */ = {
			isa = PBXSourcesBuildPhase;
			buildActionMask = 2147483647;
			files = (
				10FA50F918ACD32F004F3849 /* goodsViewController.m in Sources */,
				10FA50EF18ACD32F004F3849 /* main.m in Sources */,
				10FA50F318ACD32F004F3849 /* goodsAppDelegate.m in Sources */,
			);
			runOnlyForDeploymentPostprocessing = 0;
		};
		10FA50FC18ACD32F004F3849 /* Sources */ = {
			isa = PBXSourcesBuildPhase;
			buildActionMask = 2147483647;
			files = (
				10FA510E18ACD330004F3849 /* goodsTests.m in Sources */,
			);
			runOnlyForDeploymentPostprocessing = 0;
		};
/* End PBXSourcesBuildPhase section */

/* Begin PBXTargetDependency section */
		10FA510618ACD330004F3849 /* PBXTargetDependency */ = {
			isa = PBXTargetDependency;
			target = 10FA50DE18ACD32F004F3849 /* goods */;
			targetProxy = 10FA510518ACD330004F3849 /* PBXContainerItemProxy */;
		};
/* End PBXTargetDependency section */

/* Begin PBXVariantGroup section */
		10FA50EB18ACD32F004F3849 /* InfoPlist.strings */ = {
			isa = PBXVariantGroup;
			children = (
				10FA50EC18ACD32F004F3849 /* en */,
			);
			name = InfoPlist.strings;
			sourceTree = "<group>";
		};
		10FA50F418ACD32F004F3849 /* Main.storyboard */ = {
			isa = PBXVariantGroup;
			children = (
				10FA50F518ACD32F004F3849 /* Base */,
			);
			name = Main.storyboard;
			sourceTree = "<group>";
		};
		10FA510A18ACD330004F3849 /* InfoPlist.strings */ = {
			isa = PBXVariantGroup;
			children = (
				10FA510B18ACD330004F3849 /* en */,
			);
			name = InfoPlist.strings;
			sourceTree = "<group>";
		};
/* End PBXVariantGroup section */

/* Begin XCBuildConfiguration section */
		10FA510F18ACD330004F3849 /* Debug */ = {
			isa = XCBuildConfiguration;
			buildSettings = {
				ALWAYS_SEARCH_USER_PATHS = NO;
				ARCHS = "$(ARCHS_STANDARD_INCLUDING_64_BIT)";
				CLANG_CXX_LANGUAGE_STANDARD = "gnu++0x";
				CLANG_CXX_LIBRARY = "libc++";
				CLANG_ENABLE_MODULES = YES;
				CLANG_ENABLE_OBJC_ARC = YES;
				CLANG_WARN_BOOL_CONVERSION = YES;
				CLANG_WARN_CONSTANT_CONVERSION = YES;
				CLANG_WARN_DIRECT_OBJC_ISA_USAGE = YES_ERROR;
				CLANG_WARN_EMPTY_BODY = YES;
				CLANG_WARN_ENUM_CONVERSION = YES;
				CLANG_WARN_INT_CONVERSION = YES;
				CLANG_WARN_OBJC_ROOT_CLASS = YES_ERROR;
				CLANG_WARN__DUPLICATE_METHOD_MATCH = YES;
				"CODE_SIGN_IDENTITY[sdk=iphoneos*]" = "iPhone Developer";
				COPY_PHASE_STRIP = NO;
				GCC_C_LANGUAGE_STANDARD = gnu99;
				GCC_DYNAMIC_NO_PIC = NO;
				GCC_OPTIMIZATION_LEVEL = 0;
				GCC_PREPROCESSOR_DEFINITIONS = (
					"DEBUG=1",
					"$(inherited)",
				);
				GCC_SYMBOLS_PRIVATE_EXTERN = NO;
				GCC_WARN_64_TO_32_BIT_CONVERSION = YES;
				GCC_WARN_ABOUT_RETURN_TYPE = YES_ERROR;
				GCC_WARN_UNDECLARED_SELECTOR = YES;
				GCC_WARN_UNINITIALIZED_AUTOS = YES;
				GCC_WARN_UNUSED_FUNCTION = YES;
				GCC_WARN_UNUSED_VARIABLE = YES;
				IPHONEOS_DEPLOYMENT_TARGET = 7.0;
				ONLY_ACTIVE_ARCH = YES;
				SDKROOT = iphoneos;
			};
			name = Debug;
		};
		10FA511018ACD330004F3849 /* Release */ = {
			isa = XCBuildConfiguration;
			buildSettings = {
				ALWAYS_SEARCH_USER_PATHS = NO;
				ARCHS = "$(ARCHS_STANDARD_INCLUDING_64_BIT)";
				CLANG_CXX_LANGUAGE_STANDARD = "gnu++0x";
				CLANG_CXX_LIBRARY = "libc++";
				CLANG_ENABLE_MODULES = YES;
				CLANG_ENABLE_OBJC_ARC = YES;
				CLANG_WARN_BOOL_CONVERSION = YES;
				CLANG_WARN_CONSTANT_CONVERSION = YES;
				CLANG_WARN_DIRECT_OBJC_ISA_USAGE = YES_ERROR;
				CLANG_WARN_EMPTY_BODY = YES;
				CLANG_WARN_ENUM_CONVERSION = YES;
				CLANG_WARN_INT_CONVERSION = YES;
				CLANG_WARN_OBJC_ROOT_CLASS = YES_ERROR;
				CLANG_WARN__DUPLICATE_METHOD_MATCH = YES;
				"CODE_SIGN_IDENTITY[sdk=iphoneos*]" = "iPhone Developer";
				COPY_PHASE_STRIP = YES;
				ENABLE_NS_ASSERTIONS = NO;
				GCC_C_LANGUAGE_STANDARD = gnu99;
				GCC_WARN_64_TO_32_BIT_CONVERSION = YES;
				GCC_WARN_ABOUT_RETURN_TYPE = YES_ERROR;
				GCC_WARN_UNDECLARED_SELECTOR = YES;
				GCC_WARN_UNINITIALIZED_AUTOS = YES;
				GCC_WARN_UNUSED_FUNCTION = YES;
				GCC_WARN_UNUSED_VARIABLE = YES;
				IPHONEOS_DEPLOYMENT_TARGET = 7.0;
				SDKROOT = iphoneos;
				VALIDATE_PRODUCT = YES;
			};
			name = Release;
		};
		10FA511218ACD330004F3849 /* Debug */ = {
			isa = XCBuildConfiguration;
			buildSettings = {
				ASSETCATALOG_COMPILER_APPICON_NAME = AppIcon;
				ASSETCATALOG_COMPILER_LAUNCHIMAGE_NAME = LaunchImage;
				GCC_PRECOMPILE_PREFIX_HEADER = YES;
				GCC_PREFIX_HEADER = "goods/goods-Prefix.pch";
				INFOPLIST_FILE = "goods/goods-Info.plist";
				PRODUCT_NAME = "$(TARGET_NAME)";
				WRAPPER_EXTENSION = app;
			};
			name = Debug;
		};
		10FA511318ACD330004F3849 /* Release */ = {
			isa = XCBuildConfiguration;
			buildSettings = {
				ASSETCATALOG_COMPILER_APPICON_NAME = AppIcon;
				ASSETCATALOG_COMPILER_LAUNCHIMAGE_NAME = LaunchImage;
				GCC_PRECOMPILE_PREFIX_HEADER = YES;
				GCC_PREFIX_HEADER = "goods/goods-Prefix.pch";
				INFOPLIST_FILE = "goods/goods-Info.plist";
				PRODUCT_NAME = "$(TARGET_NAME)";
				WRAPPER_EXTENSION = app;
			};
			name = Release;
		};
		10FA511518ACD330004F3849 /* Debug */ = {
			isa = XCBuildConfiguration;
			buildSettings = {
				ARCHS = "$(ARCHS_STANDARD_INCLUDING_64_BIT)";
				BUNDLE_LOADER = "$(BUILT_PRODUCTS_DIR)/goods.app/goods";
				FRAMEWORK_SEARCH_PATHS = (
					"$(SDKROOT)/Developer/Library/Frameworks",
					"$(inherited)",
					"$(DEVELOPER_FRAMEWORKS_DIR)",
				);
				GCC_PRECOMPILE_PREFIX_HEADER = YES;
				GCC_PREFIX_HEADER = "goods/goods-Prefix.pch";
				GCC_PREPROCESSOR_DEFINITIONS = (
					"DEBUG=1",
					"$(inherited)",
				);
				INFOPLIST_FILE = "goodsTests/goodsTests-Info.plist";
				PRODUCT_NAME = "$(TARGET_NAME)";
				TEST_HOST = "$(BUNDLE_LOADER)";
				WRAPPER_EXTENSION = xctest;
			};
			name = Debug;
		};
		10FA511618ACD330004F3849 /* Release */ = {
			isa = XCBuildConfiguration;
			buildSettings = {
				ARCHS = "$(ARCHS_STANDARD_INCLUDING_64_BIT)";
				BUNDLE_LOADER = "$(BUILT_PRODUCTS_DIR)/goods.app/goods";
				FRAMEWORK_SEARCH_PATHS = (
					"$(SDKROOT)/Developer/Library/Frameworks",
					"$(inherited)",
					"$(DEVELOPER_FRAMEWORKS_DIR)",
				);
				GCC_PRECOMPILE_PREFIX_HEADER = YES;
				GCC_PREFIX_HEADER = "goods/goods-Prefix.pch";
				INFOPLIST_FILE = "goodsTests/goodsTests-Info.plist";
				PRODUCT_NAME = "$(TARGET_NAME)";
				TEST_HOST = "$(BUNDLE_LOADER)";
				WRAPPER_EXTENSION = xctest;
			};
			name = Release;
		};
/* End XCBuildConfiguration section */

/* Begin XCConfigurationList section */
		10FA50DA18ACD32F004F3849 /* Build configuration list for PBXProject "goods" */ = {
			isa = XCConfigurationList;
			buildConfigurations = (
				10FA510F18ACD330004F3849 /* Debug */,
				10FA511018ACD330004F3849 /* Release */,
			);
			defaultConfigurationIsVisible = 0;
			defaultConfigurationName = Release;
		};
		10FA511118ACD330004F3849 /* Build configuration list for PBXNativeTarget "goods" */ = {
			isa = XCConfigurationList;
			buildConfigurations = (
				10FA511218ACD330004F3849 /* Debug */,
				10FA511318ACD330004F3849 /* Release */,
			);
			defaultConfigurationIsVisible = 0;
		};
		10FA511418ACD330004F3849 /* Build configuration list for PBXNativeTarget "goodsTests" */ = {
			isa = XCConfigurationList;
			buildConfigurations = (
				10FA511518ACD330004F3849 /* Debug */,
				10FA511618ACD330004F3849 /* Release */,
			);
			defaultConfigurationIsVisible = 0;
		};
/* End XCConfigurationList section */
	};
	rootObject = 10FA50D718ACD32F004F3849 /* Project object */;
}
